
Microsoft Visual Studio Solution File, Format Version 12.00
# Visual Studio Version 17
VisualStudioVersion = 17.2.32505.173
MinimumVisualStudioVersion = 10.0.40219.1
Project("{9A19103F-16F7-4668-BE54-9A1E7A4F7556}") = "TestApplication", "TestApplication\TestApplication.csproj", "{9B88AAB1-7EF5-49AB-8ADD-B0E5A2D5E4CC}"
EndProject
Project("{9A19103F-16F7-4668-BE54-9A1E7A4F7556}") = "CarPark", "CarPark\CarPark.csproj", "{F4977B9D-004D-4D98-BE1D-9A52F648F9EF}"
EndProject
Project("{FAE04EC0-301F-11D3-BF4B-00C04F79EFBC}") = "CarParkTests", "CarParkTests\CarParkTests.csproj", "{7491F0A3-CAED-4820-B9D4-38C82A0EA106}"
EndProject
Global
	GlobalSection(SolutionConfigurationPlatforms) = preSolution
		Debug|Any CPU = Debug|Any CPU
		Release|Any CPU = Release|Any CPU
	EndGlobalSection
	GlobalSection(ProjectConfigurationPlatforms) = postSolution
		{9B88AAB1-7EF5-49AB-8ADD-B0E5A2D5E4CC}.Debug|Any CPU.ActiveCfg = Debug|Any CPU
		{9B88AAB1-7EF5-49AB-8ADD-B0E5A2D5E4CC}.Debug|Any CPU.Build.0 = Debug|Any CPU
		{9B88AAB1-7EF5-49AB-8ADD-B0E5A2D5E4CC}.Release|Any CPU.ActiveCfg = Release|Any CPU
		{9B88AAB1-7EF5-49AB-8ADD-B0E5A2D5E4CC}.Release|Any CPU.Build.0 = Release|Any CPU
		{F4977B9D-004D-4D98-BE1D-9A52F648F9EF}.Debug|Any CPU.ActiveCfg = Debug|Any CPU
		{F4977B9D-004D-4D98-BE1D-9A52F648F9EF}.Debug|Any CPU.Build.0 = Debug|Any CPU
		{F4977B9D-004D-4D98-BE1D-9A52F648F9EF}.Release|Any CPU.ActiveCfg = Release|Any CPU
		{F4977B9D-004D-4D98-BE1D-9A52F648F9EF}.Release|Any CPU.Build.0 = Release|Any CPU
		{7491F0A3-CAED-4820-B9D4-38C82A0EA106}.Debug|Any CPU.ActiveCfg = Debug|Any CPU
		{7491F0A3-CAED-4820-B9D4-38C82A0EA106}.Debug|Any CPU.Build.0 = Debug|Any CPU
		{7491F0A3-CAED-4820-B9D4-38C82A0EA106}.Release|Any CPU.ActiveCfg = Release|Any CPU
		{7491F0A3-CAED-4820-B9D4-38C82A0EA106}.Release|Any CPU.Build.0 = Release|Any CPU
	EndGlobalSection
	GlobalSection(SolutionProperties) = preSolution
		HideSolutionNode = FALSE
	EndGlobalSection
	GlobalSection(ExtensibilityGlobals) = postSolution
		SolutionGuid = {AEEB4A7B-6D69-43BB-B0F9-9D3CD5005288}
	EndGlobalSection
EndGlobal
